// !$*UTF8*$!
{
	archiveVersion = 1;
	classes = {
	};
	objectVersion = 55;
	objects = {

/* Begin PBXBuildFile section */
		AD32A9E927C0C435008221C0 /* flower_tulip.usdz in Resources */ = {isa = PBXBuildFile; fileRef = AD32A9E527C0C435008221C0 /* flower_tulip.usdz */; };
		AD32A9EA27C0C435008221C0 /* teapot.usdz in Resources */ = {isa = PBXBuildFile; fileRef = AD32A9E627C0C435008221C0 /* teapot.usdz */; };
		AD32A9EB27C0C435008221C0 /* chair_swan.usdz in Resources */ = {isa = PBXBuildFile; fileRef = AD32A9E727C0C435008221C0 /* chair_swan.usdz */; };
		AD32A9EC27C0C435008221C0 /* cup_saucer_set.usdz in Resources */ = {isa = PBXBuildFile; fileRef = AD32A9E827C0C435008221C0 /* cup_saucer_set.usdz */; };
		ADAA33DB27C0AF28003F5C8D /* arfApp.swift in Sources */ = {isa = PBXBuildFile; fileRef = ADAA33DA27C0AF28003F5C8D /* arfApp.swift */; };
		ADAA33DD27C0AF28003F5C8D /* ContentView.swift in Sources */ = {isa = PBXBuildFile; fileRef = ADAA33DC27C0AF28003F5C8D /* ContentView.swift */; };
		ADAA33DF27C0AF2C003F5C8D /* Assets.xcassets in Resources */ = {isa = PBXBuildFile; fileRef = ADAA33DE27C0AF2C003F5C8D /* Assets.xcassets */; };
		ADAA33E227C0AF2C003F5C8D /* Preview Assets.xcassets in Resources */ = {isa = PBXBuildFile; fileRef = ADAA33E127C0AF2C003F5C8D /* Preview Assets.xcassets */; };
		ADC5348E27C0F2DA00BF6F7A /* ControlView.swift in Sources */ = {isa = PBXBuildFile; fileRef = ADC5348D27C0F2DA00BF6F7A /* ControlView.swift */; };
		ADD78FDB27C3786200837319 /* BrowseView.swift in Sources */ = {isa = PBXBuildFile; fileRef = ADD78FDA27C3786200837319 /* BrowseView.swift */; };
/* End PBXBuildFile section */

/* Begin PBXFileReference section */
		AD32A9E527C0C435008221C0 /* flower_tulip.usdz */ = {isa = PBXFileReference; lastKnownFileType = file.usdz; name = flower_tulip.usdz; path = ../../../../../Downloads/flower_tulip.usdz; sourceTree = "<group>"; };
		AD32A9E627C0C435008221C0 /* teapot.usdz */ = {isa = PBXFileReference; lastKnownFileType = file.usdz; name = teapot.usdz; path = ../../../../../Downloads/teapot.usdz; sourceTree = "<group>"; };
		AD32A9E727C0C435008221C0 /* chair_swan.usdz */ = {isa = PBXFileReference; lastKnownFileType = file.usdz; name = chair_swan.usdz; path = ../../../../../Downloads/chair_swan.usdz; sourceTree = "<group>"; };
		AD32A9E827C0C435008221C0 /* cup_saucer_set.usdz */ = {isa = PBXFileReference; lastKnownFileType = file.usdz; name = cup_saucer_set.usdz; path = ../../../../../Downloads/cup_saucer_set.usdz; sourceTree = "<group>"; };
		ADAA33D727C0AF28003F5C8D /* arf.app */ = {isa = PBXFileReference; explicitFileType = wrapper.application; includeInIndex = 0; path = arf.app; sourceTree = BUILT_PRODUCTS_DIR; };
		ADAA33DA27C0AF28003F5C8D /* arfApp.swift */ = {isa = PBXFileReference; lastKnownFileType = sourcecode.swift; path = arfApp.swift; sourceTree = "<group>"; };
		ADAA33DC27C0AF28003F5C8D /* ContentView.swift */ = {isa = PBXFileReference; lastKnownFileType = sourcecode.swift; path = ContentView.swift; sourceTree = "<group>"; };
		ADAA33DE27C0AF2C003F5C8D /* Assets.xcassets */ = {isa = PBXFileReference; lastKnownFileType = folder.assetcatalog; path = Assets.xcassets; sourceTree = "<group>"; };
		ADAA33E127C0AF2C003F5C8D /* Preview Assets.xcassets */ = {isa = PBXFileReference; lastKnownFileType = folder.assetcatalog; path = "Preview Assets.xcassets"; sourceTree = "<group>"; };
		ADAA33E827C0B24E003F5C8D /* Info.plist */ = {isa = PBXFileReference; lastKnownFileType = text.plist; path = Info.plist; sourceTree = "<group>"; };
		ADC5348D27C0F2DA00BF6F7A /* ControlView.swift */ = {isa = PBXFileReference; lastKnownFileType = sourcecode.swift; path = ControlView.swift; sourceTree = "<group>"; };
		ADD78FDA27C3786200837319 /* BrowseView.swift */ = {isa = PBXFileReference; lastKnownFileType = sourcecode.swift; path = BrowseView.swift; sourceTree = "<group>"; };
/* End PBXFileReference section */

/* Begin PBXFrameworksBuildPhase section */
		ADAA33D427C0AF28003F5C8D /* Frameworks */ = {
			isa = PBXFrameworksBuildPhase;
			buildActionMask = 2147483647;
			files = (
			);
			runOnlyForDeploymentPostprocessing = 0;
		};
/* End PBXFrameworksBuildPhase section */

/* Begin PBXGroup section */
		AD32A9E427C0C3FA008221C0 /* 3D Assets */ = {
			isa = PBXGroup;
			children = (
				AD32A9E727C0C435008221C0 /* chair_swan.usdz */,
				AD32A9E827C0C435008221C0 /* cup_saucer_set.usdz */,
				AD32A9E527C0C435008221C0 /* flower_tulip.usdz */,
				AD32A9E627C0C435008221C0 /* teapot.usdz */,
			);
			path = "3D Assets";
			sourceTree = "<group>";
		};
		ADAA33CE27C0AF28003F5C8D = {
			isa = PBXGroup;
			children = (
				ADAA33D927C0AF28003F5C8D /* arf */,
				ADAA33D827C0AF28003F5C8D /* Products */,
			);
			sourceTree = "<group>";
		};
		ADAA33D827C0AF28003F5C8D /* Products */ = {
			isa = PBXGroup;
			children = (
				ADAA33D727C0AF28003F5C8D /* arf.app */,
			);
			name = Products;
			sourceTree = "<group>";
		};
		ADAA33D927C0AF28003F5C8D /* arf */ = {
			isa = PBXGroup;
			children = (
				AD32A9E427C0C3FA008221C0 /* 3D Assets */,
				ADAA33E827C0B24E003F5C8D /* Info.plist */,
				ADAA33DA27C0AF28003F5C8D /* arfApp.swift */,
				ADAA33DC27C0AF28003F5C8D /* ContentView.swift */,
				ADC5348D27C0F2DA00BF6F7A /* ControlView.swift */,
				ADD78FDA27C3786200837319 /* BrowseView.swift */,
				ADAA33DE27C0AF2C003F5C8D /* Assets.xcassets */,
				ADAA33E027C0AF2C003F5C8D /* Preview Content */,
			);
			path = arf;
			sourceTree = "<group>";
		};
		ADAA33E027C0AF2C003F5C8D /* Preview Content */ = {
			isa = PBXGroup;
			children = (
				ADAA33E127C0AF2C003F5C8D /* Preview Assets.xcassets */,
			);
			path = "Preview Content";
			sourceTree = "<group>";
		};
/* End PBXGroup section */

/* Begin PBXNativeTarget section */
		ADAA33D627C0AF28003F5C8D /* arf */ = {
			isa = PBXNativeTarget;
			buildConfigurationList = ADAA33E527C0AF2C003F5C8D /* Build configuration list for PBXNativeTarget "arf" */;
			buildPhases = (
				ADAA33D327C0AF28003F5C8D /* Sources */,
				ADAA33D427C0AF28003F5C8D /* Frameworks */,
				ADAA33D527C0AF28003F5C8D /* Resources */,
			);
			buildRules = (
			);
			dependencies = (
			);
			name = arf;
			productName = arf;
			productReference = ADAA33D727C0AF28003F5C8D /* arf.app */;
			productType = "com.apple.product-type.application";
		};
/* End PBXNativeTarget section */

/* Begin PBXProject section */
		ADAA33CF27C0AF28003F5C8D /* Project object */ = {
			isa = PBXProject;
			attributes = {
				BuildIndependentTargetsInParallel = 1;
				LastSwiftUpdateCheck = 1320;
				LastUpgradeCheck = 1320;
				TargetAttributes = {
					ADAA33D627C0AF28003F5C8D = {
						CreatedOnToolsVersion = 13.2.1;
					};
				};
			};
			buildConfigurationList = ADAA33D227C0AF28003F5C8D /* Build configuration list for PBXProject "arf" */;
			compatibilityVersion = "Xcode 13.0";
			developmentRegion = en;
			hasScannedForEncodings = 0;
			knownRegions = (
				en,
				Base,
			);
			mainGroup = ADAA33CE27C0AF28003F5C8D;
			productRefGroup = ADAA33D827C0AF28003F5C8D /* Products */;
			projectDirPath = "";
			projectRoot = "";
			targets = (
				ADAA33D627C0AF28003F5C8D /* arf */,
			);
		};
/* End PBXProject section */

/* Begin PBXResourcesBuildPhase section */
		ADAA33D527C0AF28003F5C8D /* Resources */ = {
			isa = PBXResourcesBuildPhase;
			buildActionMask = 2147483647;
			files = (
				AD32A9EA27C0C435008221C0 /* teapot.usdz in Resources */,
				AD32A9E927C0C435008221C0 /* flower_tulip.usdz in Resources */,
				AD32A9EC27C0C435008221C0 /* cup_saucer_set.usdz in Resources */,
				ADAA33E227C0AF2C003F5C8D /* Preview Assets.xcassets in Resources */,
				AD32A9EB27C0C435008221C0 /* chair_swan.usdz in Resources */,
				ADAA33DF27C0AF2C003F5C8D /* Assets.xcassets in Resources */,
			);
			runOnlyForDeploymentPostprocessing = 0;
		};
/* End PBXResourcesBuildPhase section */

/* Begin PBXSourcesBuildPhase section */
		ADAA33D327C0AF28003F5C8D /* Sources */ = {
			isa = PBXSourcesBuildPhase;
			buildActionMask = 2147483647;
			files = (
				ADD78FDB27C3786200837319 /* BrowseView.swift in Sources */,
				ADAA33DD27C0AF28003F5C8D /* ContentView.swift in Sources */,
				ADC5348E27C0F2DA00BF6F7A /* ControlView.swift in Sources */,
				ADAA33DB27C0AF28003F5C8D /* arfApp.swift in Sources */,
			);
			runOnlyForDeploymentPostprocessing = 0;
		};
/* End PBXSourcesBuildPhase section */

/* Begin XCBuildConfiguration section */
		ADAA33E327C0AF2C003F5C8D /* Debug */ = {
			isa = XCBuildConfiguration;
			buildSettings = {
				ALWAYS_SEARCH_USER_PATHS = NO;
				CLANG_ANALYZER_NONNULL = YES;
				CLANG_ANALYZER_NUMBER_OBJECT_CONVERSION = YES_AGGRESSIVE;
				CLANG_CXX_LANGUAGE_STANDARD = "gnu++17";
				CLANG_CXX_LIBRARY = "libc++";
				CLANG_ENABLE_MODULES = YES;
				CLANG_ENABLE_OBJC_ARC = YES;
				CLANG_ENABLE_OBJC_WEAK = YES;
				CLANG_WARN_BLOCK_CAPTURE_AUTORELEASING = YES;
				CLANG_WARN_BOOL_CONVERSION = YES;
				CLANG_WARN_COMMA = YES;
				CLANG_WARN_CONSTANT_CONVERSION = YES;
				CLANG_WARN_DEPRECATED_OBJC_IMPLEMENTATIONS = YES;
				CLANG_WARN_DIRECT_OBJC_ISA_USAGE = YES_ERROR;
				CLANG_WARN_DOCUMENTATION_COMMENTS = YES;
				CLANG_WARN_EMPTY_BODY = YES;
				CLANG_WARN_ENUM_CONVERSION = YES;
				CLANG_WARN_INFINITE_RECURSION = YES;
				CLANG_WARN_INT_CONVERSION = YES;
				CLANG_WARN_NON_LITERAL_NULL_CONVERSION = YES;
				CLANG_WARN_OBJC_IMPLICIT_RETAIN_SELF = YES;
				CLANG_WARN_OBJC_LITERAL_CONVERSION = YES;
				CLANG_WARN_OBJC_ROOT_CLASS = YES_ERROR;
				CLANG_WARN_QUOTED_INCLUDE_IN_FRAMEWORK_HEADER = YES;
				CLANG_WARN_RANGE_LOOP_ANALYSIS = YES;
				CLANG_WARN_STRICT_PROTOTYPES = YES;
				CLANG_WARN_SUSPICIOUS_MOVE = YES;
				CLANG_WARN_UNGUARDED_AVAILABILITY = YES_AGGRESSIVE;
				CLANG_WARN_UNREACHABLE_CODE = YES;
				CLANG_WARN__DUPLICATE_METHOD_MATCH = YES;
				COPY_PHASE_STRIP = NO;
				DEBUG_INFORMATION_FORMAT = dwarf;
				ENABLE_STRICT_OBJC_MSGSEND = YES;
				ENABLE_TESTABILITY = YES;
				GCC_C_LANGUAGE_STANDARD = gnu11;
				GCC_DYNAMIC_NO_PIC = NO;
				GCC_NO_COMMON_BLOCKS = YES;
				GCC_OPTIMIZATION_LEVEL = 0;
				GCC_PREPROCESSOR_DEFINITIONS = (
					"DEBUG=1",
					"$(inherited)",
				);
				GCC_WARN_64_TO_32_BIT_CONVERSION = YES;
				GCC_WARN_ABOUT_RETURN_TYPE = YES_ERROR;
				GCC_WARN_UNDECLARED_SELECTOR = YES;
				GCC_WARN_UNINITIALIZED_AUTOS = YES_AGGRESSIVE;
				GCC_WARN_UNUSED_FUNCTION = YES;
				GCC_WARN_UNUSED_VARIABLE = YES;
				IPHONEOS_DEPLOYMENT_TARGET = 15.2;
				MTL_ENABLE_DEBUG_INFO = INCLUDE_SOURCE;
				MTL_FAST_MATH = YES;
				ONLY_ACTIVE_ARCH = YES;
				SDKROOT = iphoneos;
				SWIFT_ACTIVE_COMPILATION_CONDITIONS = DEBUG;
				SWIFT_OPTIMIZATION_LEVEL = "-Onone";
			};
			name = Debug;
		};
		ADAA33E427C0AF2C003F5C8D /* Release */ = {
			isa = XCBuildConfiguration;
			buildSettings = {
				ALWAYS_SEARCH_USER_PATHS = NO;
				CLANG_ANALYZER_NONNULL = YES;
				CLANG_ANALYZER_NUMBER_OBJECT_CONVERSION = YES_AGGRESSIVE;
				CLANG_CXX_LANGUAGE_STANDARD = "gnu++17";
				CLANG_CXX_LIBRARY = "libc++";
				CLANG_ENABLE_MODULES = YES;
				CLANG_ENABLE_OBJC_ARC = YES;
				CLANG_ENABLE_OBJC_WEAK = YES;
				CLANG_WARN_BLOCK_CAPTURE_AUTORELEASING = YES;
				CLANG_WARN_BOOL_CONVERSION = YES;
				CLANG_WARN_COMMA = YES;
				CLANG_WARN_CONSTANT_CONVERSION = YES;
				CLANG_WARN_DEPRECATED_OBJC_IMPLEMENTATIONS = YES;
				CLANG_WARN_DIRECT_OBJC_ISA_USAGE = YES_ERROR;
				CLANG_WARN_DOCUMENTATION_COMMENTS = YES;
				CLANG_WARN_EMPTY_BODY = YES;
				CLANG_WARN_ENUM_CONVERSION = YES;
				CLANG_WARN_INFINITE_RECURSION = YES;
				CLANG_WARN_INT_CONVERSION = YES;
				CLANG_WARN_NON_LITERAL_NULL_CONVERSION = YES;
				CLANG_WARN_OBJC_IMPLICIT_RETAIN_SELF = YES;
				CLANG_WARN_OBJC_LITERAL_CONVERSION = YES;
				CLANG_WARN_OBJC_ROOT_CLASS = YES_ERROR;
				CLANG_WARN_QUOTED_INCLUDE_IN_FRAMEWORK_HEADER = YES;
				CLANG_WARN_RANGE_LOOP_ANALYSIS = YES;
				CLANG_WARN_STRICT_PROTOTYPES = YES;
				CLANG_WARN_SUSPICIOUS_MOVE = YES;
				CLANG_WARN_UNGUARDED_AVAILABILITY = YES_AGGRESSIVE;
				CLANG_WARN_UNREACHABLE_CODE = YES;
				CLANG_WARN__DUPLICATE_METHOD_MATCH = YES;
				COPY_PHASE_STRIP = NO;
				DEBUG_INFORMATION_FORMAT = "dwarf-with-dsym";
				ENABLE_NS_ASSERTIONS = NO;
				ENABLE_STRICT_OBJC_MSGSEND = YES;
				GCC_C_LANGUAGE_STANDARD = gnu11;
				GCC_NO_COMMON_BLOCKS = YES;
				GCC_WARN_64_TO_32_BIT_CONVERSION = YES;
				GCC_WARN_ABOUT_RETURN_TYPE = YES_ERROR;
				GCC_WARN_UNDECLARED_SELECTOR = YES;
				GCC_WARN_UNINITIALIZED_AUTOS = YES_AGGRESSIVE;
				GCC_WARN_UNUSED_FUNCTION = YES;
				GCC_WARN_UNUSED_VARIABLE = YES;
				IPHONEOS_DEPLOYMENT_TARGET = 15.2;
				MTL_ENABLE_DEBUG_INFO = NO;
				MTL_FAST_MATH = YES;
				SDKROOT = iphoneos;
				SWIFT_COMPILATION_MODE = wholemodule;
				SWIFT_OPTIMIZATION_LEVEL = "-O";
				VALIDATE_PRODUCT = YES;
			};
			name = Release;
		};
		ADAA33E627C0AF2C003F5C8D /* Debug */ = {
			isa = XCBuildConfiguration;
			buildSettings = {
				ASSETCATALOG_COMPILER_APPICON_NAME = AppIcon;
				ASSETCATALOG_COMPILER_GLOBAL_ACCENT_COLOR_NAME = AccentColor;
				CODE_SIGN_STYLE = Automatic;
				CURRENT_PROJECT_VERSION = 1;
				DEVELOPMENT_ASSET_PATHS = "\"arf/Preview Content\"";
				DEVELOPMENT_TEAM = BQNY88LNAF;
				ENABLE_PREVIEWS = YES;
				GENERATE_INFOPLIST_FILE = YES;
				INFOPLIST_FILE = arf/Info.plist;
				INFOPLIST_KEY_UIApplicationSceneManifest_Generation = YES;
				INFOPLIST_KEY_UIApplicationSupportsIndirectInputEvents = YES;
				INFOPLIST_KEY_UILaunchScreen_Generation = YES;
				INFOPLIST_KEY_UISupportedInterfaceOrientations_iPad = "UIInterfaceOrientationPortrait UIInterfaceOrientationPortraitUpsideDown UIInterfaceOrientationLandscapeLeft UIInterfaceOrientationLandscapeRight";
				INFOPLIST_KEY_UISupportedInterfaceOrientations_iPhone = "UIInterfaceOrientationPortrait UIInterfaceOrientationLandscapeLeft UIInterfaceOrientationLandscapeRight";
				LD_RUNPATH_SEARCH_PATHS = (
					"$(inherited)",
					"@executable_path/Frameworks",
				);
				MARKETING_VERSION = 1.0;
				PRODUCT_BUNDLE_IDENTIFIER = "Org-1.arf";
				PRODUCT_NAME = "$(TARGET_NAME)";
				SWIFT_EMIT_LOC_STRINGS = YES;
				SWIFT_VERSION = 5.0;
				TARGETED_DEVICE_FAMILY = "1,2";
			};
			name = Debug;
		};
		ADAA33E727C0AF2C003F5C8D /* Release */ = {
			isa = XCBuildConfiguration;
			buildSettings = {
				ASSETCATALOG_COMPILER_APPICON_NAME = AppIcon;
				ASSETCATALOG_COMPILER_GLOBAL_ACCENT_COLOR_NAME = AccentColor;
				CODE_SIGN_STYLE = Automatic;
				CURRENT_PROJECT_VERSION = 1;
				DEVELOPMENT_ASSET_PATHS = "\"arf/Preview Content\"";
				DEVELOPMENT_TEAM = BQNY88LNAF;
				ENABLE_PREVIEWS = YES;
				GENERATE_INFOPLIST_FILE = YES;
				INFOPLIST_FILE = arf/Info.plist;
				INFOPLIST_KEY_UIApplicationSceneManifest_Generation = YES;
				INFOPLIST_KEY_UIApplicationSupportsIndirectInputEvents = YES;
				INFOPLIST_KEY_UILaunchScreen_Generation = YES;
				INFOPLIST_KEY_UISupportedInterfaceOrientations_iPad = "UIInterfaceOrientationPortrait UIInterfaceOrientationPortraitUpsideDown UIInterfaceOrientationLandscapeLeft UIInterfaceOrientationLandscapeRight";
				INFOPLIST_KEY_UISupportedInterfaceOrientations_iPhone = "UIInterfaceOrientationPortrait UIInterfaceOrientationLandscapeLeft UIInterfaceOrientationLandscapeRight";
				LD_RUNPATH_SEARCH_PATHS = (
					"$(inherited)",
					"@executable_path/Frameworks",
				);
				MARKETING_VERSION = 1.0;
				PRODUCT_BUNDLE_IDENTIFIER = "Org-1.arf";
				PRODUCT_NAME = "$(TARGET_NAME)";
				SWIFT_EMIT_LOC_STRINGS = YES;
				SWIFT_VERSION = 5.0;
				TARGETED_DEVICE_FAMILY = "1,2";
			};
			name = Release;
		};
/* End XCBuildConfiguration section */

/* Begin XCConfigurationList section */
		ADAA33D227C0AF28003F5C8D /* Build configuration list for PBXProject "arf" */ = {
			isa = XCConfigurationList;
			buildConfigurations = (
				ADAA33E327C0AF2C003F5C8D /* Debug */,
				ADAA33E427C0AF2C003F5C8D /* Release */,
			);
			defaultConfigurationIsVisible = 0;
			defaultConfigurationName = Release;
		};
		ADAA33E527C0AF2C003F5C8D /* Build configuration list for PBXNativeTarget "arf" */ = {
			isa = XCConfigurationList;
			buildConfigurations = (
				ADAA33E627C0AF2C003F5C8D /* Debug */,
				ADAA33E727C0AF2C003F5C8D /* Release */,
			);
			defaultConfigurationIsVisible = 0;
			defaultConfigurationName = Release;
		};
/* End XCConfigurationList section */
	};
	rootObject = ADAA33CF27C0AF28003F5C8D /* Project object */;
}
